# @generated by Move, please check-in and do not edit manually.

[move]
version = 3
manifest_digest = "B26F81893C5C4662326978701D79454F94C4CC509F8046CF3A1D205A3CC9F8DF"
deps_digest = "52B406A7A21811BEF51751CF88DA0E76DAEFFEAC888D4F4060B1A72BBE7D8D35"
dependencies = [
  { id = "DeepBook", name = "DeepBook" },
  { id = "MoveStdlib", name = "MoveStdlib" },
  { id = "Sui", name = "Sui" },
  { id = "SuiProver", name = "SuiProver" },
  { id = "SuiSystem", name = "SuiSystem" },
  { id = "royalty_pool", name = "royalty_pool" },
]

[[move.package]]
id = "DeepBook"
source = { git = "https://github.com/asymptotic-code/sui.git", rev = "next", subdir = "crates/sui-framework/packages/deepbook" }

dependencies = [
  { id = "MoveStdlib", name = "MoveStdlib" },
  { id = "Sui", name = "Sui" },
]

[[move.package]]
id = "MoveStdlib"
source = { git = "https://github.com/asymptotic-code/sui.git", rev = "next", subdir = "crates/sui-framework/packages/move-stdlib" }

[[move.package]]
id = "Prover"
source = { git = "https://github.com/asymptotic-code/sui-prover.git", rev = "main", subdir = "packages/prover" }

dependencies = [
  { id = "MoveStdlib", name = "MoveStdlib" },
  { id = "Sui", name = "Sui" },
]

[[move.package]]
id = "Sui"
source = { git = "https://github.com/asymptotic-code/sui.git", rev = "next", subdir = "crates/sui-framework/packages/sui-framework" }

dependencies = [
  { id = "MoveStdlib", name = "MoveStdlib" },
]

[[move.package]]
id = "SuiProver"
source = { git = "https://github.com/asymptotic-code/sui-prover.git", rev = "main", subdir = "packages/sui-prover" }

dependencies = [
  { id = "SuiSpecs", name = "SuiSpecs" },
]

[[move.package]]
id = "SuiSpecs"
source = { git = "https://github.com/asymptotic-code/sui-prover.git", rev = "main", subdir = "packages/sui-specs" }

dependencies = [
  { id = "Prover", name = "Prover" },
  { id = "Sui", name = "Sui" },
]

[[move.package]]
id = "SuiSystem"
source = { git = "https://github.com/asymptotic-code/sui.git", rev = "next", subdir = "crates/sui-framework/packages/sui-system" }

dependencies = [
  { id = "MoveStdlib", name = "MoveStdlib" },
  { id = "Sui", name = "Sui" },
]

[[move.package]]
id = "hikida"
source = { git = "https://github.com/unconfirmedlabs/hikida.git", rev = "4abe4c1ff482655693698fa6ab8a6e2b58f8c635", subdir = "" }

dependencies = [
  { id = "DeepBook", name = "DeepBook" },
  { id = "MoveStdlib", name = "MoveStdlib" },
  { id = "Sui", name = "Sui" },
  { id = "SuiProver", name = "SuiProver" },
  { id = "SuiSystem", name = "SuiSystem" },
]

[[move.package]]
id = "royalty_pool"
source = { local = "../../github-root/misofm/royalty-pool" }

dependencies = [
  { id = "DeepBook", name = "DeepBook" },
  { id = "MoveStdlib", name = "MoveStdlib" },
  { id = "Sui", name = "Sui" },
  { id = "SuiProver", name = "SuiProver" },
  { id = "SuiSystem", name = "SuiSystem" },
  { id = "hikida", name = "hikida" },
]
